
Microsoft Visual Studio Solution File, Format Version 11.00
# Visual Studio 2010
# SharpDevelop 5.1
Project("{FAE04EC0-301F-11D3-BF4B-00C04F79EFBC}") = "PayrollProgram", "PayrollProgram\PayrollProgram.csproj", "{244EC9E9-AB80-42DF-B1AD-03D8863EAED3}"
EndProject
Global
	GlobalSection(SolutionConfigurationPlatforms) = preSolution
		Debug|Any CPU = Debug|Any CPU
		Release|Any CPU = Release|Any CPU
	EndGlobalSection
	GlobalSection(ProjectConfigurationPlatforms) = postSolution
		{244EC9E9-AB80-42DF-B1AD-03D8863EAED3}.Debug|Any CPU.ActiveCfg = Debug|Any CPU
		{244EC9E9-AB80-42DF-B1AD-03D8863EAED3}.Debug|Any CPU.Build.0 = Debug|Any CPU
		{244EC9E9-AB80-42DF-B1AD-03D8863EAED3}.Release|Any CPU.ActiveCfg = Release|Any CPU
		{244EC9E9-AB80-42DF-B1AD-03D8863EAED3}.Release|Any CPU.Build.0 = Release|Any CPU
	EndGlobalSection
EndGlobal
